{
  "name": "@notforhumans/metamask-agent-wallet-integration",
  "version": "0.2.0-v14-private",
  "lockfileVersion": 3,
  "requires": true,
  "packages": {
    "": {
      "name": "@notforhumans/metamask-agent-wallet-integration",
      "version": "0.2.0-v14-private",
      "bin": {
        "nfh-agent-wallet": "src/cli.js"
      },
      "engines": {
        "node": ">=22"
      }
    }
  }
}
