{
  "name": "@notforhumans/mcp",
  "version": "0.1.0-preview.3",
  "lockfileVersion": 3,
  "requires": true,
  "packages": {
    "": {
      "name": "@notforhumans/mcp",
      "version": "0.1.0-preview.3",
      "license": "UNLICENSED",
      "bin": {
        "nfh-mcp": "src/cli.js"
      },
      "engines": {
        "node": ">=22"
      }
    }
  }
}
